
Microsoft Visual Studio Solution File, Format Version 12.00
# Visual Studio 2012
Project("{FAE04EC0-301F-11D3-BF4B-00C04F79EFBC}") = "NightlyAuditServer", "NightlyAuditServer\NightlyAuditServer.csproj", "{5A768123-7079-4B0E-8F77-394F001D6AFF}"
EndProject
Project("{FAE04EC0-301F-11D3-BF4B-00C04F79EFBC}") = "PlatformConfigurator", "Platfrom.Configurator\PlatformConfigurator.csproj", "{1C4AC48F-1649-4C83-93A2-49F83757F576}"
EndProject
Project("{2150E333-8FDC-42A3-9474-1A3956D46DE8}") = "API", "API", "{A5D15324-7619-4622-8E60-F07089C0507B}"
EndProject
Project("{FAE04EC0-301F-11D3-BF4B-00C04F79EFBC}") = "NightlyAuditAPI.Contract", "NightlyAuditAPI.Contract\NightlyAuditAPI.Contract.csproj", "{E92132F6-EDB6-41F7-8212-10EC0479D812}"
EndProject
Project("{FAE04EC0-301F-11D3-BF4B-00C04F79EFBC}") = "NightlyAuditAPI", "NightlyAuditAPI\NightlyAuditAPI.csproj", "{15A0915A-4783-4B4A-A985-0765177BA98D}"
EndProject
Project("{FAE04EC0-301F-11D3-BF4B-00C04F79EFBC}") = "Utilities", "Utilities\Utilities.csproj", "{134D35CC-16F7-4191-AB15-F778241AB5C2}"
EndProject
Project("{2150E333-8FDC-42A3-9474-1A3956D46DE8}") = "Library", "Library", "{AC3BA04E-F132-412F-AAF3-84BFBFAFC3E3}"
EndProject
Project("{FAE04EC0-301F-11D3-BF4B-00C04F79EFBC}") = "Workflow", "Workflow\Workflow.csproj", "{7C508DB0-DFF7-4F4D-8C4E-ECC5F736A6C9}"
EndProject
Project("{FAE04EC0-301F-11D3-BF4B-00C04F79EFBC}") = "DTO", "DTO\DTO.csproj", "{D872A0AB-AF23-4206-8D0A-4813577526A3}"
EndProject
Project("{FAE04EC0-301F-11D3-BF4B-00C04F79EFBC}") = "ExceptionHandling", "ExceptionHandling\ExceptionHandling.csproj", "{73F6BC12-B3AB-43F2-91D5-AE8CC7C5A2C8}"
EndProject
Project("{FAE04EC0-301F-11D3-BF4B-00C04F79EFBC}") = "Domain", "Domain\Domain.csproj", "{C434AED0-1ED4-45D5-ACD9-6DB05756603A}"
EndProject
Project("{FAE04EC0-301F-11D3-BF4B-00C04F79EFBC}") = "Persistance", "Persistance\Persistance.csproj", "{FEFB761A-21D0-40AC-9A26-C05D75C983A9}"
EndProject
Project("{FAE04EC0-301F-11D3-BF4B-00C04F79EFBC}") = "Persistance.MSSQL", "Persistance.MSSQL\Persistance.MSSQL.csproj", "{028FC9A4-735A-4330-BBB7-F88FFAE453A9}"
EndProject
Project("{2150E333-8FDC-42A3-9474-1A3956D46DE8}") = "Auditor", "Auditor", "{5553C4F1-B7B6-4659-9155-039FEEF0A446}"
EndProject
Project("{FAE04EC0-301F-11D3-BF4B-00C04F79EFBC}") = "Interfaces", "Interfaces\Interfaces.csproj", "{30D5FAFA-8BF4-401D-B011-D34CAA942FA3}"
EndProject
Project("{FAE04EC0-301F-11D3-BF4B-00C04F79EFBC}") = "DTODomainConvertor", "DTODomainConvertor\DTODomainConvertor.csproj", "{5A5D3725-9962-4455-8189-85982953B687}"
EndProject
Project("{2150E333-8FDC-42A3-9474-1A3956D46DE8}") = "QuartzDemo", "QuartzDemo", "{9CCB9B69-C80A-4D68-AA19-C9E14A7A8650}"
EndProject
Project("{FAE04EC0-301F-11D3-BF4B-00C04F79EFBC}") = "ConsoleApplication2", "QuartzDemo\ConsoleApplication2\ConsoleApplication2.csproj", "{7B93EBE4-CD43-47A1-8003-417E16EF94E7}"
EndProject
Global
	GlobalSection(SolutionConfigurationPlatforms) = preSolution
		Debug|Any CPU = Debug|Any CPU
		Release|Any CPU = Release|Any CPU
	EndGlobalSection
	GlobalSection(ProjectConfigurationPlatforms) = postSolution
		{5A768123-7079-4B0E-8F77-394F001D6AFF}.Debug|Any CPU.ActiveCfg = Debug|Any CPU
		{5A768123-7079-4B0E-8F77-394F001D6AFF}.Debug|Any CPU.Build.0 = Debug|Any CPU
		{5A768123-7079-4B0E-8F77-394F001D6AFF}.Release|Any CPU.ActiveCfg = Release|Any CPU
		{5A768123-7079-4B0E-8F77-394F001D6AFF}.Release|Any CPU.Build.0 = Release|Any CPU
		{1C4AC48F-1649-4C83-93A2-49F83757F576}.Debug|Any CPU.ActiveCfg = Debug|Any CPU
		{1C4AC48F-1649-4C83-93A2-49F83757F576}.Debug|Any CPU.Build.0 = Debug|Any CPU
		{1C4AC48F-1649-4C83-93A2-49F83757F576}.Release|Any CPU.ActiveCfg = Release|Any CPU
		{1C4AC48F-1649-4C83-93A2-49F83757F576}.Release|Any CPU.Build.0 = Release|Any CPU
		{E92132F6-EDB6-41F7-8212-10EC0479D812}.Debug|Any CPU.ActiveCfg = Debug|Any CPU
		{E92132F6-EDB6-41F7-8212-10EC0479D812}.Debug|Any CPU.Build.0 = Debug|Any CPU
		{E92132F6-EDB6-41F7-8212-10EC0479D812}.Release|Any CPU.ActiveCfg = Release|Any CPU
		{E92132F6-EDB6-41F7-8212-10EC0479D812}.Release|Any CPU.Build.0 = Release|Any CPU
		{15A0915A-4783-4B4A-A985-0765177BA98D}.Debug|Any CPU.ActiveCfg = Debug|Any CPU
		{15A0915A-4783-4B4A-A985-0765177BA98D}.Debug|Any CPU.Build.0 = Debug|Any CPU
		{15A0915A-4783-4B4A-A985-0765177BA98D}.Release|Any CPU.ActiveCfg = Release|Any CPU
		{15A0915A-4783-4B4A-A985-0765177BA98D}.Release|Any CPU.Build.0 = Release|Any CPU
		{134D35CC-16F7-4191-AB15-F778241AB5C2}.Debug|Any CPU.ActiveCfg = Debug|Any CPU
		{134D35CC-16F7-4191-AB15-F778241AB5C2}.Debug|Any CPU.Build.0 = Debug|Any CPU
		{134D35CC-16F7-4191-AB15-F778241AB5C2}.Release|Any CPU.ActiveCfg = Release|Any CPU
		{134D35CC-16F7-4191-AB15-F778241AB5C2}.Release|Any CPU.Build.0 = Release|Any CPU
		{7C508DB0-DFF7-4F4D-8C4E-ECC5F736A6C9}.Debug|Any CPU.ActiveCfg = Debug|Any CPU
		{7C508DB0-DFF7-4F4D-8C4E-ECC5F736A6C9}.Debug|Any CPU.Build.0 = Debug|Any CPU
		{7C508DB0-DFF7-4F4D-8C4E-ECC5F736A6C9}.Release|Any CPU.ActiveCfg = Release|Any CPU
		{7C508DB0-DFF7-4F4D-8C4E-ECC5F736A6C9}.Release|Any CPU.Build.0 = Release|Any CPU
		{D872A0AB-AF23-4206-8D0A-4813577526A3}.Debug|Any CPU.ActiveCfg = Debug|Any CPU
		{D872A0AB-AF23-4206-8D0A-4813577526A3}.Debug|Any CPU.Build.0 = Debug|Any CPU
		{D872A0AB-AF23-4206-8D0A-4813577526A3}.Release|Any CPU.ActiveCfg = Release|Any CPU
		{D872A0AB-AF23-4206-8D0A-4813577526A3}.Release|Any CPU.Build.0 = Release|Any CPU
		{73F6BC12-B3AB-43F2-91D5-AE8CC7C5A2C8}.Debug|Any CPU.ActiveCfg = Debug|Any CPU
		{73F6BC12-B3AB-43F2-91D5-AE8CC7C5A2C8}.Debug|Any CPU.Build.0 = Debug|Any CPU
		{73F6BC12-B3AB-43F2-91D5-AE8CC7C5A2C8}.Release|Any CPU.ActiveCfg = Release|Any CPU
		{73F6BC12-B3AB-43F2-91D5-AE8CC7C5A2C8}.Release|Any CPU.Build.0 = Release|Any CPU
		{C434AED0-1ED4-45D5-ACD9-6DB05756603A}.Debug|Any CPU.ActiveCfg = Debug|Any CPU
		{C434AED0-1ED4-45D5-ACD9-6DB05756603A}.Debug|Any CPU.Build.0 = Debug|Any CPU
		{C434AED0-1ED4-45D5-ACD9-6DB05756603A}.Release|Any CPU.ActiveCfg = Release|Any CPU
		{C434AED0-1ED4-45D5-ACD9-6DB05756603A}.Release|Any CPU.Build.0 = Release|Any CPU
		{FEFB761A-21D0-40AC-9A26-C05D75C983A9}.Debug|Any CPU.ActiveCfg = Debug|Any CPU
		{FEFB761A-21D0-40AC-9A26-C05D75C983A9}.Debug|Any CPU.Build.0 = Debug|Any CPU
		{FEFB761A-21D0-40AC-9A26-C05D75C983A9}.Release|Any CPU.ActiveCfg = Release|Any CPU
		{FEFB761A-21D0-40AC-9A26-C05D75C983A9}.Release|Any CPU.Build.0 = Release|Any CPU
		{028FC9A4-735A-4330-BBB7-F88FFAE453A9}.Debug|Any CPU.ActiveCfg = Debug|Any CPU
		{028FC9A4-735A-4330-BBB7-F88FFAE453A9}.Debug|Any CPU.Build.0 = Debug|Any CPU
		{028FC9A4-735A-4330-BBB7-F88FFAE453A9}.Release|Any CPU.ActiveCfg = Release|Any CPU
		{028FC9A4-735A-4330-BBB7-F88FFAE453A9}.Release|Any CPU.Build.0 = Release|Any CPU
		{30D5FAFA-8BF4-401D-B011-D34CAA942FA3}.Debug|Any CPU.ActiveCfg = Debug|Any CPU
		{30D5FAFA-8BF4-401D-B011-D34CAA942FA3}.Debug|Any CPU.Build.0 = Debug|Any CPU
		{30D5FAFA-8BF4-401D-B011-D34CAA942FA3}.Release|Any CPU.ActiveCfg = Release|Any CPU
		{30D5FAFA-8BF4-401D-B011-D34CAA942FA3}.Release|Any CPU.Build.0 = Release|Any CPU
		{5A5D3725-9962-4455-8189-85982953B687}.Debug|Any CPU.ActiveCfg = Debug|Any CPU
		{5A5D3725-9962-4455-8189-85982953B687}.Debug|Any CPU.Build.0 = Debug|Any CPU
		{5A5D3725-9962-4455-8189-85982953B687}.Release|Any CPU.ActiveCfg = Release|Any CPU
		{5A5D3725-9962-4455-8189-85982953B687}.Release|Any CPU.Build.0 = Release|Any CPU
		{7B93EBE4-CD43-47A1-8003-417E16EF94E7}.Debug|Any CPU.ActiveCfg = Debug|Any CPU
		{7B93EBE4-CD43-47A1-8003-417E16EF94E7}.Debug|Any CPU.Build.0 = Debug|Any CPU
		{7B93EBE4-CD43-47A1-8003-417E16EF94E7}.Release|Any CPU.ActiveCfg = Release|Any CPU
		{7B93EBE4-CD43-47A1-8003-417E16EF94E7}.Release|Any CPU.Build.0 = Release|Any CPU
	EndGlobalSection
	GlobalSection(SolutionProperties) = preSolution
		HideSolutionNode = FALSE
	EndGlobalSection
	GlobalSection(NestedProjects) = preSolution
		{E92132F6-EDB6-41F7-8212-10EC0479D812} = {A5D15324-7619-4622-8E60-F07089C0507B}
		{15A0915A-4783-4B4A-A985-0765177BA98D} = {A5D15324-7619-4622-8E60-F07089C0507B}
		{134D35CC-16F7-4191-AB15-F778241AB5C2} = {AC3BA04E-F132-412F-AAF3-84BFBFAFC3E3}
		{7C508DB0-DFF7-4F4D-8C4E-ECC5F736A6C9} = {AC3BA04E-F132-412F-AAF3-84BFBFAFC3E3}
		{D872A0AB-AF23-4206-8D0A-4813577526A3} = {AC3BA04E-F132-412F-AAF3-84BFBFAFC3E3}
		{73F6BC12-B3AB-43F2-91D5-AE8CC7C5A2C8} = {AC3BA04E-F132-412F-AAF3-84BFBFAFC3E3}
		{C434AED0-1ED4-45D5-ACD9-6DB05756603A} = {AC3BA04E-F132-412F-AAF3-84BFBFAFC3E3}
		{FEFB761A-21D0-40AC-9A26-C05D75C983A9} = {AC3BA04E-F132-412F-AAF3-84BFBFAFC3E3}
		{028FC9A4-735A-4330-BBB7-F88FFAE453A9} = {AC3BA04E-F132-412F-AAF3-84BFBFAFC3E3}
		{5A5D3725-9962-4455-8189-85982953B687} = {AC3BA04E-F132-412F-AAF3-84BFBFAFC3E3}
		{30D5FAFA-8BF4-401D-B011-D34CAA942FA3} = {5553C4F1-B7B6-4659-9155-039FEEF0A446}
		{7B93EBE4-CD43-47A1-8003-417E16EF94E7} = {9CCB9B69-C80A-4D68-AA19-C9E14A7A8650}
	EndGlobalSection
EndGlobal
