
Microsoft Visual Studio Solution File, Format Version 12.00
# Visual Studio 14
VisualStudioVersion = 14.0.25420.1
MinimumVisualStudioVersion = 10.0.40219.1
Project("{FAE04EC0-301F-11D3-BF4B-00C04F79EFBC}") = "NightlyAudit", "NightlyAudit\NightlyAudit.csproj", "{17BFFE49-343A-4C63-85BE-5613D4F80DEC}"
EndProject
Project("{FAE04EC0-301F-11D3-BF4B-00C04F79EFBC}") = "DTO", "DTO\DTO.csproj", "{CE6F4EFD-D7D8-4131-ABF1-68F764712CB5}"
EndProject
Project("{FAE04EC0-301F-11D3-BF4B-00C04F79EFBC}") = "ViewModels", "ViewModels\ViewModels.csproj", "{5702914A-FC1B-4BFE-9859-5AE9466B3EB9}"
EndProject
Project("{FAE04EC0-301F-11D3-BF4B-00C04F79EFBC}") = "PlatformServices", "PlatformService\PlatformServices.csproj", "{BF5EE2CC-875F-4708-994E-E156B59DA200}"
EndProject
Global
	GlobalSection(SolutionConfigurationPlatforms) = preSolution
		Debug|Any CPU = Debug|Any CPU
		Release|Any CPU = Release|Any CPU
	EndGlobalSection
	GlobalSection(ProjectConfigurationPlatforms) = postSolution
		{17BFFE49-343A-4C63-85BE-5613D4F80DEC}.Debug|Any CPU.ActiveCfg = Debug|Any CPU
		{17BFFE49-343A-4C63-85BE-5613D4F80DEC}.Debug|Any CPU.Build.0 = Debug|Any CPU
		{17BFFE49-343A-4C63-85BE-5613D4F80DEC}.Release|Any CPU.ActiveCfg = Release|Any CPU
		{17BFFE49-343A-4C63-85BE-5613D4F80DEC}.Release|Any CPU.Build.0 = Release|Any CPU
		{CE6F4EFD-D7D8-4131-ABF1-68F764712CB5}.Debug|Any CPU.ActiveCfg = Debug|Any CPU
		{CE6F4EFD-D7D8-4131-ABF1-68F764712CB5}.Debug|Any CPU.Build.0 = Debug|Any CPU
		{CE6F4EFD-D7D8-4131-ABF1-68F764712CB5}.Release|Any CPU.ActiveCfg = Release|Any CPU
		{CE6F4EFD-D7D8-4131-ABF1-68F764712CB5}.Release|Any CPU.Build.0 = Release|Any CPU
		{5702914A-FC1B-4BFE-9859-5AE9466B3EB9}.Debug|Any CPU.ActiveCfg = Debug|Any CPU
		{5702914A-FC1B-4BFE-9859-5AE9466B3EB9}.Debug|Any CPU.Build.0 = Debug|Any CPU
		{5702914A-FC1B-4BFE-9859-5AE9466B3EB9}.Release|Any CPU.ActiveCfg = Release|Any CPU
		{5702914A-FC1B-4BFE-9859-5AE9466B3EB9}.Release|Any CPU.Build.0 = Release|Any CPU
		{BF5EE2CC-875F-4708-994E-E156B59DA200}.Debug|Any CPU.ActiveCfg = Debug|Any CPU
		{BF5EE2CC-875F-4708-994E-E156B59DA200}.Debug|Any CPU.Build.0 = Debug|Any CPU
		{BF5EE2CC-875F-4708-994E-E156B59DA200}.Release|Any CPU.ActiveCfg = Release|Any CPU
		{BF5EE2CC-875F-4708-994E-E156B59DA200}.Release|Any CPU.Build.0 = Release|Any CPU
	EndGlobalSection
	GlobalSection(SolutionProperties) = preSolution
		HideSolutionNode = FALSE
	EndGlobalSection
EndGlobal
